// !$*UTF8*$!
{
	archiveVersion = 1;
	classes = {
	};
	objectVersion = 50;
	objects = {

/* Begin PBXBuildFile section */
		BFA57BED26B06DAB006395B9 /* AppDelegate.swift in Sources */ = {isa = PBXBuildFile; fileRef = BFA57BEC26B06DAB006395B9 /* AppDelegate.swift */; };
		BFA57BEF26B06DAB006395B9 /* SceneDelegate.swift in Sources */ = {isa = PBXBuildFile; fileRef = BFA57BEE26B06DAB006395B9 /* SceneDelegate.swift */; };
		BFA57BF426B06DAB006395B9 /* Main.storyboard in Resources */ = {isa = PBXBuildFile; fileRef = BFA57BF226B06DAB006395B9 /* Main.storyboard */; };
		BFA57BF626B06DAC006395B9 /* Assets.xcassets in Resources */ = {isa = PBXBuildFile; fileRef = BFA57BF526B06DAC006395B9 /* Assets.xcassets */; };
		BFA57BF926B06DAC006395B9 /* LaunchScreen.storyboard in Resources */ = {isa = PBXBuildFile; fileRef = BFA57BF726B06DAC006395B9 /* LaunchScreen.storyboard */; };
		BFA57C0526B06EDA006395B9 /* Person.swift in Sources */ = {isa = PBXBuildFile; fileRef = BFA57C0426B06EDA006395B9 /* Person.swift */; };
		BFA57C0B26B07A2C006395B9 /* PersonsListTableViewController.swift in Sources */ = {isa = PBXBuildFile; fileRef = BFA57C0A26B07A2C006395B9 /* PersonsListTableViewController.swift */; };
		BFA57C0D26B07BBF006395B9 /* PersonInfoViewController.swift in Sources */ = {isa = PBXBuildFile; fileRef = BFA57C0C26B07BBF006395B9 /* PersonInfoViewController.swift */; };
		BFA57C0F26B07E8E006395B9 /* PersonsNotebookTableViewController.swift in Sources */ = {isa = PBXBuildFile; fileRef = BFA57C0E26B07E8E006395B9 /* PersonsNotebookTableViewController.swift */; };
/* End PBXBuildFile section */

/* Begin PBXFileReference section */
		BFA57BE926B06DAB006395B9 /* HW.2_7.app */ = {isa = PBXFileReference; explicitFileType = wrapper.application; includeInIndex = 0; path = HW.2_7.app; sourceTree = BUILT_PRODUCTS_DIR; };
		BFA57BEC26B06DAB006395B9 /* AppDelegate.swift */ = {isa = PBXFileReference; lastKnownFileType = sourcecode.swift; path = AppDelegate.swift; sourceTree = "<group>"; };
		BFA57BEE26B06DAB006395B9 /* SceneDelegate.swift */ = {isa = PBXFileReference; lastKnownFileType = sourcecode.swift; path = SceneDelegate.swift; sourceTree = "<group>"; };
		BFA57BF326B06DAB006395B9 /* Base */ = {isa = PBXFileReference; lastKnownFileType = file.storyboard; name = Base; path = Base.lproj/Main.storyboard; sourceTree = "<group>"; };
		BFA57BF526B06DAC006395B9 /* Assets.xcassets */ = {isa = PBXFileReference; lastKnownFileType = folder.assetcatalog; path = Assets.xcassets; sourceTree = "<group>"; };
		BFA57BF826B06DAC006395B9 /* Base */ = {isa = PBXFileReference; lastKnownFileType = file.storyboard; name = Base; path = Base.lproj/LaunchScreen.storyboard; sourceTree = "<group>"; };
		BFA57BFA26B06DAC006395B9 /* Info.plist */ = {isa = PBXFileReference; lastKnownFileType = text.plist.xml; path = Info.plist; sourceTree = "<group>"; };
		BFA57C0426B06EDA006395B9 /* Person.swift */ = {isa = PBXFileReference; lastKnownFileType = sourcecode.swift; path = Person.swift; sourceTree = "<group>"; };
		BFA57C0A26B07A2C006395B9 /* PersonsListTableViewController.swift */ = {isa = PBXFileReference; lastKnownFileType = sourcecode.swift; path = PersonsListTableViewController.swift; sourceTree = "<group>"; };
		BFA57C0C26B07BBF006395B9 /* PersonInfoViewController.swift */ = {isa = PBXFileReference; lastKnownFileType = sourcecode.swift; path = PersonInfoViewController.swift; sourceTree = "<group>"; };
		BFA57C0E26B07E8E006395B9 /* PersonsNotebookTableViewController.swift */ = {isa = PBXFileReference; lastKnownFileType = sourcecode.swift; path = PersonsNotebookTableViewController.swift; sourceTree = "<group>"; };
/* End PBXFileReference section */

/* Begin PBXFrameworksBuildPhase section */
		BFA57BE626B06DAB006395B9 /* Frameworks */ = {
			isa = PBXFrameworksBuildPhase;
			buildActionMask = 2147483647;
			files = (
			);
			runOnlyForDeploymentPostprocessing = 0;
		};
/* End PBXFrameworksBuildPhase section */

/* Begin PBXGroup section */
		BFA57BE026B06DAB006395B9 = {
			isa = PBXGroup;
			children = (
				BFA57BEB26B06DAB006395B9 /* HW.2_7 */,
				BFA57BEA26B06DAB006395B9 /* Products */,
			);
			sourceTree = "<group>";
		};
		BFA57BEA26B06DAB006395B9 /* Products */ = {
			isa = PBXGroup;
			children = (
				BFA57BE926B06DAB006395B9 /* HW.2_7.app */,
			);
			name = Products;
			sourceTree = "<group>";
		};
		BFA57BEB26B06DAB006395B9 /* HW.2_7 */ = {
			isa = PBXGroup;
			children = (
				BFA57C0326B06EB3006395B9 /* View */,
				BFA57C0226B06EAB006395B9 /* Model */,
				BFA57BEC26B06DAB006395B9 /* AppDelegate.swift */,
				BFA57BEE26B06DAB006395B9 /* SceneDelegate.swift */,
				BFA57BF226B06DAB006395B9 /* Main.storyboard */,
				BFA57BF526B06DAC006395B9 /* Assets.xcassets */,
				BFA57BF726B06DAC006395B9 /* LaunchScreen.storyboard */,
				BFA57BFA26B06DAC006395B9 /* Info.plist */,
			);
			path = HW.2_7;
			sourceTree = "<group>";
		};
		BFA57C0226B06EAB006395B9 /* Model */ = {
			isa = PBXGroup;
			children = (
				BFA57C0426B06EDA006395B9 /* Person.swift */,
			);
			path = Model;
			sourceTree = "<group>";
		};
		BFA57C0326B06EB3006395B9 /* View */ = {
			isa = PBXGroup;
			children = (
				BFA57C0A26B07A2C006395B9 /* PersonsListTableViewController.swift */,
				BFA57C0C26B07BBF006395B9 /* PersonInfoViewController.swift */,
				BFA57C0E26B07E8E006395B9 /* PersonsNotebookTableViewController.swift */,
			);
			path = View;
			sourceTree = "<group>";
		};
/* End PBXGroup section */

/* Begin PBXNativeTarget section */
		BFA57BE826B06DAB006395B9 /* HW.2_7 */ = {
			isa = PBXNativeTarget;
			buildConfigurationList = BFA57BFD26B06DAC006395B9 /* Build configuration list for PBXNativeTarget "HW.2_7" */;
			buildPhases = (
				BFA57BE526B06DAB006395B9 /* Sources */,
				BFA57BE626B06DAB006395B9 /* Frameworks */,
				BFA57BE726B06DAB006395B9 /* Resources */,
			);
			buildRules = (
			);
			dependencies = (
			);
			name = HW.2_7;
			productName = HW.2_7;
			productReference = BFA57BE926B06DAB006395B9 /* HW.2_7.app */;
			productType = "com.apple.product-type.application";
		};
/* End PBXNativeTarget section */

/* Begin PBXProject section */
		BFA57BE126B06DAB006395B9 /* Project object */ = {
			isa = PBXProject;
			attributes = {
				LastSwiftUpdateCheck = 1250;
				LastUpgradeCheck = 1250;
				TargetAttributes = {
					BFA57BE826B06DAB006395B9 = {
						CreatedOnToolsVersion = 12.5;
					};
				};
			};
			buildConfigurationList = BFA57BE426B06DAB006395B9 /* Build configuration list for PBXProject "HW.2_7" */;
			compatibilityVersion = "Xcode 9.3";
			developmentRegion = en;
			hasScannedForEncodings = 0;
			knownRegions = (
				en,
				Base,
			);
			mainGroup = BFA57BE026B06DAB006395B9;
			productRefGroup = BFA57BEA26B06DAB006395B9 /* Products */;
			projectDirPath = "";
			projectRoot = "";
			targets = (
				BFA57BE826B06DAB006395B9 /* HW.2_7 */,
			);
		};
/* End PBXProject section */

/* Begin PBXResourcesBuildPhase section */
		BFA57BE726B06DAB006395B9 /* Resources */ = {
			isa = PBXResourcesBuildPhase;
			buildActionMask = 2147483647;
			files = (
				BFA57BF926B06DAC006395B9 /* LaunchScreen.storyboard in Resources */,
				BFA57BF626B06DAC006395B9 /* Assets.xcassets in Resources */,
				BFA57BF426B06DAB006395B9 /* Main.storyboard in Resources */,
			);
			runOnlyForDeploymentPostprocessing = 0;
		};
/* End PBXResourcesBuildPhase section */

/* Begin PBXSourcesBuildPhase section */
		BFA57BE526B06DAB006395B9 /* Sources */ = {
			isa = PBXSourcesBuildPhase;
			buildActionMask = 2147483647;
			files = (
				BFA57C0D26B07BBF006395B9 /* PersonInfoViewController.swift in Sources */,
				BFA57C0F26B07E8E006395B9 /* PersonsNotebookTableViewController.swift in Sources */,
				BFA57C0B26B07A2C006395B9 /* PersonsListTableViewController.swift in Sources */,
				BFA57BED26B06DAB006395B9 /* AppDelegate.swift in Sources */,
				BFA57C0526B06EDA006395B9 /* Person.swift in Sources */,
				BFA57BEF26B06DAB006395B9 /* SceneDelegate.swift in Sources */,
			);
			runOnlyForDeploymentPostprocessing = 0;
		};
/* End PBXSourcesBuildPhase section */

/* Begin PBXVariantGroup section */
		BFA57BF226B06DAB006395B9 /* Main.storyboard */ = {
			isa = PBXVariantGroup;
			children = (
				BFA57BF326B06DAB006395B9 /* Base */,
			);
			name = Main.storyboard;
			sourceTree = "<group>";
		};
		BFA57BF726B06DAC006395B9 /* LaunchScreen.storyboard */ = {
			isa = PBXVariantGroup;
			children = (
				BFA57BF826B06DAC006395B9 /* Base */,
			);
			name = LaunchScreen.storyboard;
			sourceTree = "<group>";
		};
/* End PBXVariantGroup section */

/* Begin XCBuildConfiguration section */
		BFA57BFB26B06DAC006395B9 /* Debug */ = {
			isa = XCBuildConfiguration;
			buildSettings = {
				ALWAYS_SEARCH_USER_PATHS = NO;
				CLANG_ANALYZER_NONNULL = YES;
				CLANG_ANALYZER_NUMBER_OBJECT_CONVERSION = YES_AGGRESSIVE;
				CLANG_CXX_LANGUAGE_STANDARD = "gnu++14";
				CLANG_CXX_LIBRARY = "libc++";
				CLANG_ENABLE_MODULES = YES;
				CLANG_ENABLE_OBJC_ARC = YES;
				CLANG_ENABLE_OBJC_WEAK = YES;
				CLANG_WARN_BLOCK_CAPTURE_AUTORELEASING = YES;
				CLANG_WARN_BOOL_CONVERSION = YES;
				CLANG_WARN_COMMA = YES;
				CLANG_WARN_CONSTANT_CONVERSION = YES;
				CLANG_WARN_DEPRECATED_OBJC_IMPLEMENTATIONS = YES;
				CLANG_WARN_DIRECT_OBJC_ISA_USAGE = YES_ERROR;
				CLANG_WARN_DOCUMENTATION_COMMENTS = YES;
				CLANG_WARN_EMPTY_BODY = YES;
				CLANG_WARN_ENUM_CONVERSION = YES;
				CLANG_WARN_INFINITE_RECURSION = YES;
				CLANG_WARN_INT_CONVERSION = YES;
				CLANG_WARN_NON_LITERAL_NULL_CONVERSION = YES;
				CLANG_WARN_OBJC_IMPLICIT_RETAIN_SELF = YES;
				CLANG_WARN_OBJC_LITERAL_CONVERSION = YES;
				CLANG_WARN_OBJC_ROOT_CLASS = YES_ERROR;
				CLANG_WARN_QUOTED_INCLUDE_IN_FRAMEWORK_HEADER = YES;
				CLANG_WARN_RANGE_LOOP_ANALYSIS = YES;
				CLANG_WARN_STRICT_PROTOTYPES = YES;
				CLANG_WARN_SUSPICIOUS_MOVE = YES;
				CLANG_WARN_UNGUARDED_AVAILABILITY = YES_AGGRESSIVE;
				CLANG_WARN_UNREACHABLE_CODE = YES;
				CLANG_WARN__DUPLICATE_METHOD_MATCH = YES;
				COPY_PHASE_STRIP = NO;
				DEBUG_INFORMATION_FORMAT = dwarf;
				ENABLE_STRICT_OBJC_MSGSEND = YES;
				ENABLE_TESTABILITY = YES;
				GCC_C_LANGUAGE_STANDARD = gnu11;
				GCC_DYNAMIC_NO_PIC = NO;
				GCC_NO_COMMON_BLOCKS = YES;
				GCC_OPTIMIZATION_LEVEL = 0;
				GCC_PREPROCESSOR_DEFINITIONS = (
					"DEBUG=1",
					"$(inherited)",
				);
				GCC_WARN_64_TO_32_BIT_CONVERSION = YES;
				GCC_WARN_ABOUT_RETURN_TYPE = YES_ERROR;
				GCC_WARN_UNDECLARED_SELECTOR = YES;
				GCC_WARN_UNINITIALIZED_AUTOS = YES_AGGRESSIVE;
				GCC_WARN_UNUSED_FUNCTION = YES;
				GCC_WARN_UNUSED_VARIABLE = YES;
				IPHONEOS_DEPLOYMENT_TARGET = 14.5;
				MTL_ENABLE_DEBUG_INFO = INCLUDE_SOURCE;
				MTL_FAST_MATH = YES;
				ONLY_ACTIVE_ARCH = YES;
				SDKROOT = iphoneos;
				SWIFT_ACTIVE_COMPILATION_CONDITIONS = DEBUG;
				SWIFT_OPTIMIZATION_LEVEL = "-Onone";
			};
			name = Debug;
		};
		BFA57BFC26B06DAC006395B9 /* Release */ = {
			isa = XCBuildConfiguration;
			buildSettings = {
				ALWAYS_SEARCH_USER_PATHS = NO;
				CLANG_ANALYZER_NONNULL = YES;
				CLANG_ANALYZER_NUMBER_OBJECT_CONVERSION = YES_AGGRESSIVE;
				CLANG_CXX_LANGUAGE_STANDARD = "gnu++14";
				CLANG_CXX_LIBRARY = "libc++";
				CLANG_ENABLE_MODULES = YES;
				CLANG_ENABLE_OBJC_ARC = YES;
				CLANG_ENABLE_OBJC_WEAK = YES;
				CLANG_WARN_BLOCK_CAPTURE_AUTORELEASING = YES;
				CLANG_WARN_BOOL_CONVERSION = YES;
				CLANG_WARN_COMMA = YES;
				CLANG_WARN_CONSTANT_CONVERSION = YES;
				CLANG_WARN_DEPRECATED_OBJC_IMPLEMENTATIONS = YES;
				CLANG_WARN_DIRECT_OBJC_ISA_USAGE = YES_ERROR;
				CLANG_WARN_DOCUMENTATION_COMMENTS = YES;
				CLANG_WARN_EMPTY_BODY = YES;
				CLANG_WARN_ENUM_CONVERSION = YES;
				CLANG_WARN_INFINITE_RECURSION = YES;
				CLANG_WARN_INT_CONVERSION = YES;
				CLANG_WARN_NON_LITERAL_NULL_CONVERSION = YES;
				CLANG_WARN_OBJC_IMPLICIT_RETAIN_SELF = YES;
				CLANG_WARN_OBJC_LITERAL_CONVERSION = YES;
				CLANG_WARN_OBJC_ROOT_CLASS = YES_ERROR;
				CLANG_WARN_QUOTED_INCLUDE_IN_FRAMEWORK_HEADER = YES;
				CLANG_WARN_RANGE_LOOP_ANALYSIS = YES;
				CLANG_WARN_STRICT_PROTOTYPES = YES;
				CLANG_WARN_SUSPICIOUS_MOVE = YES;
				CLANG_WARN_UNGUARDED_AVAILABILITY = YES_AGGRESSIVE;
				CLANG_WARN_UNREACHABLE_CODE = YES;
				CLANG_WARN__DUPLICATE_METHOD_MATCH = YES;
				COPY_PHASE_STRIP = NO;
				DEBUG_INFORMATION_FORMAT = "dwarf-with-dsym";
				ENABLE_NS_ASSERTIONS = NO;
				ENABLE_STRICT_OBJC_MSGSEND = YES;
				GCC_C_LANGUAGE_STANDARD = gnu11;
				GCC_NO_COMMON_BLOCKS = YES;
				GCC_WARN_64_TO_32_BIT_CONVERSION = YES;
				GCC_WARN_ABOUT_RETURN_TYPE = YES_ERROR;
				GCC_WARN_UNDECLARED_SELECTOR = YES;
				GCC_WARN_UNINITIALIZED_AUTOS = YES_AGGRESSIVE;
				GCC_WARN_UNUSED_FUNCTION = YES;
				GCC_WARN_UNUSED_VARIABLE = YES;
				IPHONEOS_DEPLOYMENT_TARGET = 14.5;
				MTL_ENABLE_DEBUG_INFO = NO;
				MTL_FAST_MATH = YES;
				SDKROOT = iphoneos;
				SWIFT_COMPILATION_MODE = wholemodule;
				SWIFT_OPTIMIZATION_LEVEL = "-O";
				VALIDATE_PRODUCT = YES;
			};
			name = Release;
		};
		BFA57BFE26B06DAC006395B9 /* Debug */ = {
			isa = XCBuildConfiguration;
			buildSettings = {
				ASSETCATALOG_COMPILER_APPICON_NAME = AppIcon;
				ASSETCATALOG_COMPILER_GLOBAL_ACCENT_COLOR_NAME = AccentColor;
				CODE_SIGN_STYLE = Automatic;
				DEVELOPMENT_TEAM = HGNXB64TGD;
				INFOPLIST_FILE = HW.2_7/Info.plist;
				LD_RUNPATH_SEARCH_PATHS = (
					"$(inherited)",
					"@executable_path/Frameworks",
				);
				PRODUCT_BUNDLE_IDENTIFIER = "com.HW-2-7";
				PRODUCT_NAME = "$(TARGET_NAME)";
				SWIFT_VERSION = 5.0;
				TARGETED_DEVICE_FAMILY = "1,2";
			};
			name = Debug;
		};
		BFA57BFF26B06DAC006395B9 /* Release */ = {
			isa = XCBuildConfiguration;
			buildSettings = {
				ASSETCATALOG_COMPILER_APPICON_NAME = AppIcon;
				ASSETCATALOG_COMPILER_GLOBAL_ACCENT_COLOR_NAME = AccentColor;
				CODE_SIGN_STYLE = Automatic;
				DEVELOPMENT_TEAM = HGNXB64TGD;
				INFOPLIST_FILE = HW.2_7/Info.plist;
				LD_RUNPATH_SEARCH_PATHS = (
					"$(inherited)",
					"@executable_path/Frameworks",
				);
				PRODUCT_BUNDLE_IDENTIFIER = "com.HW-2-7";
				PRODUCT_NAME = "$(TARGET_NAME)";
				SWIFT_VERSION = 5.0;
				TARGETED_DEVICE_FAMILY = "1,2";
			};
			name = Release;
		};
/* End XCBuildConfiguration section */

/* Begin XCConfigurationList section */
		BFA57BE426B06DAB006395B9 /* Build configuration list for PBXProject "HW.2_7" */ = {
			isa = XCConfigurationList;
			buildConfigurations = (
				BFA57BFB26B06DAC006395B9 /* Debug */,
				BFA57BFC26B06DAC006395B9 /* Release */,
			);
			defaultConfigurationIsVisible = 0;
			defaultConfigurationName = Release;
		};
		BFA57BFD26B06DAC006395B9 /* Build configuration list for PBXNativeTarget "HW.2_7" */ = {
			isa = XCConfigurationList;
			buildConfigurations = (
				BFA57BFE26B06DAC006395B9 /* Debug */,
				BFA57BFF26B06DAC006395B9 /* Release */,
			);
			defaultConfigurationIsVisible = 0;
			defaultConfigurationName = Release;
		};
/* End XCConfigurationList section */
	};
	rootObject = BFA57BE126B06DAB006395B9 /* Project object */;
}
